// !$*UTF8*$!
{
	archiveVersion = 1;
	classes = {
	};
	objectVersion = 46;
	objects = {

/* Begin PBXBuildFile section */
		6B33240A1923292200768011 /* JCJoystick.m in Sources */ = {isa = PBXBuildFile; fileRef = 6B3324071923292200768011 /* JCJoystick.m */; };
		6B33240B1923292200768011 /* JCImageJoystick.m in Sources */ = {isa = PBXBuildFile; fileRef = 6B3324091923292200768011 /* JCImageJoystick.m */; };
		6B4D254C1921D3BA0042AB2C /* JCPoint.m in Sources */ = {isa = PBXBuildFile; fileRef = 6B4D254B1921D3BA0042AB2C /* JCPoint.m */; };
		6B6E6797192321EB00505580 /* JCMaze.m in Sources */ = {isa = PBXBuildFile; fileRef = 6B6E6796192321EB00505580 /* JCMaze.m */; };
		6B8228B11920450200E66DD3 /* Foundation.framework in Frameworks */ = {isa = PBXBuildFile; fileRef = 6B8228B01920450200E66DD3 /* Foundation.framework */; };
		6B8228B31920450200E66DD3 /* CoreGraphics.framework in Frameworks */ = {isa = PBXBuildFile; fileRef = 6B8228B21920450200E66DD3 /* CoreGraphics.framework */; };
		6B8228B51920450200E66DD3 /* UIKit.framework in Frameworks */ = {isa = PBXBuildFile; fileRef = 6B8228B41920450200E66DD3 /* UIKit.framework */; };
		6B8228B71920450200E66DD3 /* SpriteKit.framework in Frameworks */ = {isa = PBXBuildFile; fileRef = 6B8228B61920450200E66DD3 /* SpriteKit.framework */; };
		6B8228BD1920450200E66DD3 /* InfoPlist.strings in Resources */ = {isa = PBXBuildFile; fileRef = 6B8228BB1920450200E66DD3 /* InfoPlist.strings */; };
		6B8228BF1920450200E66DD3 /* main.m in Sources */ = {isa = PBXBuildFile; fileRef = 6B8228BE1920450200E66DD3 /* main.m */; };
		6B8228C31920450200E66DD3 /* JCAppDelegate.m in Sources */ = {isa = PBXBuildFile; fileRef = 6B8228C21920450200E66DD3 /* JCAppDelegate.m */; };
		6B8228C61920450200E66DD3 /* Main_iPhone.storyboard in Resources */ = {isa = PBXBuildFile; fileRef = 6B8228C41920450200E66DD3 /* Main_iPhone.storyboard */; };
		6B8228C91920450200E66DD3 /* Main_iPad.storyboard in Resources */ = {isa = PBXBuildFile; fileRef = 6B8228C71920450200E66DD3 /* Main_iPad.storyboard */; };
		6B8228CC1920450200E66DD3 /* JCViewController.m in Sources */ = {isa = PBXBuildFile; fileRef = 6B8228CB1920450200E66DD3 /* JCViewController.m */; };
		6B8228CF1920450200E66DD3 /* JCMyScene.m in Sources */ = {isa = PBXBuildFile; fileRef = 6B8228CE1920450200E66DD3 /* JCMyScene.m */; };
		6B8228D11920450200E66DD3 /* Spaceship.png in Resources */ = {isa = PBXBuildFile; fileRef = 6B8228D01920450200E66DD3 /* Spaceship.png */; };
		6B8228D31920450200E66DD3 /* Images.xcassets in Resources */ = {isa = PBXBuildFile; fileRef = 6B8228D21920450200E66DD3 /* Images.xcassets */; };
		6B8228DA1920450200E66DD3 /* XCTest.framework in Frameworks */ = {isa = PBXBuildFile; fileRef = 6B8228D91920450200E66DD3 /* XCTest.framework */; };
		6B8228DB1920450200E66DD3 /* Foundation.framework in Frameworks */ = {isa = PBXBuildFile; fileRef = 6B8228B01920450200E66DD3 /* Foundation.framework */; };
		6B8228DC1920450200E66DD3 /* UIKit.framework in Frameworks */ = {isa = PBXBuildFile; fileRef = 6B8228B41920450200E66DD3 /* UIKit.framework */; };
		6B8228E41920450200E66DD3 /* InfoPlist.strings in Resources */ = {isa = PBXBuildFile; fileRef = 6B8228E21920450200E66DD3 /* InfoPlist.strings */; };
		6B8228E61920450300E66DD3 /* MazeTestTests.m in Sources */ = {isa = PBXBuildFile; fileRef = 6B8228E51920450300E66DD3 /* MazeTestTests.m */; };
		6B8228F11920458000E66DD3 /* JCCell.m in Sources */ = {isa = PBXBuildFile; fileRef = 6B8228F01920458000E66DD3 /* JCCell.m */; };
/* End PBXBuildFile section */

/* Begin PBXContainerItemProxy section */
		6B8228DD1920450200E66DD3 /* PBXContainerItemProxy */ = {
			isa = PBXContainerItemProxy;
			containerPortal = 6B8228A51920450200E66DD3 /* Project object */;
			proxyType = 1;
			remoteGlobalIDString = 6B8228AC1920450200E66DD3;
			remoteInfo = MazeTest;
		};
/* End PBXContainerItemProxy section */

/* Begin PBXFileReference section */
		6B3324061923292200768011 /* JCJoystick.h */ = {isa = PBXFileReference; fileEncoding = 4; lastKnownFileType = sourcecode.c.h; path = JCJoystick.h; sourceTree = "<group>"; };
		6B3324071923292200768011 /* JCJoystick.m */ = {isa = PBXFileReference; fileEncoding = 4; lastKnownFileType = sourcecode.c.objc; path = JCJoystick.m; sourceTree = "<group>"; };
		6B3324081923292200768011 /* JCImageJoystick.h */ = {isa = PBXFileReference; fileEncoding = 4; lastKnownFileType = sourcecode.c.h; path = JCImageJoystick.h; sourceTree = "<group>"; };
		6B3324091923292200768011 /* JCImageJoystick.m */ = {isa = PBXFileReference; fileEncoding = 4; lastKnownFileType = sourcecode.c.objc; path = JCImageJoystick.m; sourceTree = "<group>"; };
		6B4D254A1921D3BA0042AB2C /* JCPoint.h */ = {isa = PBXFileReference; fileEncoding = 4; lastKnownFileType = sourcecode.c.h; path = JCPoint.h; sourceTree = "<group>"; };
		6B4D254B1921D3BA0042AB2C /* JCPoint.m */ = {isa = PBXFileReference; fileEncoding = 4; lastKnownFileType = sourcecode.c.objc; path = JCPoint.m; sourceTree = "<group>"; };
		6B6E6795192321EB00505580 /* JCMaze.h */ = {isa = PBXFileReference; fileEncoding = 4; lastKnownFileType = sourcecode.c.h; name = JCMaze.h; path = ../JCMaze.h; sourceTree = "<group>"; };
		6B6E6796192321EB00505580 /* JCMaze.m */ = {isa = PBXFileReference; fileEncoding = 4; lastKnownFileType = sourcecode.c.objc; name = JCMaze.m; path = ../JCMaze.m; sourceTree = "<group>"; };
		6B8228AD1920450200E66DD3 /* MazeTest.app */ = {isa = PBXFileReference; explicitFileType = wrapper.application; includeInIndex = 0; path = MazeTest.app; sourceTree = BUILT_PRODUCTS_DIR; };
		6B8228B01920450200E66DD3 /* Foundation.framework */ = {isa = PBXFileReference; lastKnownFileType = wrapper.framework; name = Foundation.framework; path = System/Library/Frameworks/Foundation.framework; sourceTree = SDKROOT; };
		6B8228B21920450200E66DD3 /* CoreGraphics.framework */ = {isa = PBXFileReference; lastKnownFileType = wrapper.framework; name = CoreGraphics.framework; path = System/Library/Frameworks/CoreGraphics.framework; sourceTree = SDKROOT; };
		6B8228B41920450200E66DD3 /* UIKit.framework */ = {isa = PBXFileReference; lastKnownFileType = wrapper.framework; name = UIKit.framework; path = System/Library/Frameworks/UIKit.framework; sourceTree = SDKROOT; };
		6B8228B61920450200E66DD3 /* SpriteKit.framework */ = {isa = PBXFileReference; lastKnownFileType = wrapper.framework; name = SpriteKit.framework; path = System/Library/Frameworks/SpriteKit.framework; sourceTree = SDKROOT; };
		6B8228BA1920450200E66DD3 /* MazeTest-Info.plist */ = {isa = PBXFileReference; lastKnownFileType = text.plist.xml; path = "MazeTest-Info.plist"; sourceTree = "<group>"; };
		6B8228BC1920450200E66DD3 /* en */ = {isa = PBXFileReference; lastKnownFileType = text.plist.strings; name = en; path = en.lproj/InfoPlist.strings; sourceTree = "<group>"; };
		6B8228BE1920450200E66DD3 /* main.m */ = {isa = PBXFileReference; lastKnownFileType = sourcecode.c.objc; path = main.m; sourceTree = "<group>"; };
		6B8228C01920450200E66DD3 /* MazeTest-Prefix.pch */ = {isa = PBXFileReference; lastKnownFileType = sourcecode.c.h; path = "MazeTest-Prefix.pch"; sourceTree = "<group>"; };
		6B8228C11920450200E66DD3 /* JCAppDelegate.h */ = {isa = PBXFileReference; lastKnownFileType = sourcecode.c.h; path = JCAppDelegate.h; sourceTree = "<group>"; };
		6B8228C21920450200E66DD3 /* JCAppDelegate.m */ = {isa = PBXFileReference; lastKnownFileType = sourcecode.c.objc; path = JCAppDelegate.m; sourceTree = "<group>"; };
		6B8228C51920450200E66DD3 /* Base */ = {isa = PBXFileReference; lastKnownFileType = file.storyboard; name = Base; path = Base.lproj/Main_iPhone.storyboard; sourceTree = "<group>"; };
		6B8228C81920450200E66DD3 /* Base */ = {isa = PBXFileReference; lastKnownFileType = file.storyboard; name = Base; path = Base.lproj/Main_iPad.storyboard; sourceTree = "<group>"; };
		6B8228CA1920450200E66DD3 /* JCViewController.h */ = {isa = PBXFileReference; lastKnownFileType = sourcecode.c.h; path = JCViewController.h; sourceTree = "<group>"; };
		6B8228CB1920450200E66DD3 /* JCViewController.m */ = {isa = PBXFileReference; lastKnownFileType = sourcecode.c.objc; path = JCViewController.m; sourceTree = "<group>"; };
		6B8228CD1920450200E66DD3 /* JCMyScene.h */ = {isa = PBXFileReference; lastKnownFileType = sourcecode.c.h; path = JCMyScene.h; sourceTree = "<group>"; };
		6B8228CE1920450200E66DD3 /* JCMyScene.m */ = {isa = PBXFileReference; lastKnownFileType = sourcecode.c.objc; path = JCMyScene.m; sourceTree = "<group>"; };
		6B8228D01920450200E66DD3 /* Spaceship.png */ = {isa = PBXFileReference; lastKnownFileType = image.png; path = Spaceship.png; sourceTree = "<group>"; };
		6B8228D21920450200E66DD3 /* Images.xcassets */ = {isa = PBXFileReference; lastKnownFileType = folder.assetcatalog; path = Images.xcassets; sourceTree = "<group>"; };
		6B8228D81920450200E66DD3 /* MazeTestTests.xctest */ = {isa = PBXFileReference; explicitFileType = wrapper.cfbundle; includeInIndex = 0; path = MazeTestTests.xctest; sourceTree = BUILT_PRODUCTS_DIR; };
		6B8228D91920450200E66DD3 /* XCTest.framework */ = {isa = PBXFileReference; lastKnownFileType = wrapper.framework; name = XCTest.framework; path = Library/Frameworks/XCTest.framework; sourceTree = DEVELOPER_DIR; };
		6B8228E11920450200E66DD3 /* MazeTestTests-Info.plist */ = {isa = PBXFileReference; lastKnownFileType = text.plist.xml; path = "MazeTestTests-Info.plist"; sourceTree = "<group>"; };
		6B8228E31920450200E66DD3 /* en */ = {isa = PBXFileReference; lastKnownFileType = text.plist.strings; name = en; path = en.lproj/InfoPlist.strings; sourceTree = "<group>"; };
		6B8228E51920450300E66DD3 /* MazeTestTests.m */ = {isa = PBXFileReference; lastKnownFileType = sourcecode.c.objc; path = MazeTestTests.m; sourceTree = "<group>"; };
		6B8228EF1920458000E66DD3 /* JCCell.h */ = {isa = PBXFileReference; fileEncoding = 4; lastKnownFileType = sourcecode.c.h; path = JCCell.h; sourceTree = "<group>"; };
		6B8228F01920458000E66DD3 /* JCCell.m */ = {isa = PBXFileReference; fileEncoding = 4; lastKnownFileType = sourcecode.c.objc; path = JCCell.m; sourceTree = "<group>"; };
/* End PBXFileReference section */

/* Begin PBXFrameworksBuildPhase section */
		6B8228AA1920450200E66DD3 /* Frameworks */ = {
			isa = PBXFrameworksBuildPhase;
			buildActionMask = 2147483647;
			files = (
				6B8228B31920450200E66DD3 /* CoreGraphics.framework in Frameworks */,
				6B8228B51920450200E66DD3 /* UIKit.framework in Frameworks */,
				6B8228B71920450200E66DD3 /* SpriteKit.framework in Frameworks */,
				6B8228B11920450200E66DD3 /* Foundation.framework in Frameworks */,
			);
			runOnlyForDeploymentPostprocessing = 0;
		};
		6B8228D51920450200E66DD3 /* Frameworks */ = {
			isa = PBXFrameworksBuildPhase;
			buildActionMask = 2147483647;
			files = (
				6B8228DA1920450200E66DD3 /* XCTest.framework in Frameworks */,
				6B8228DC1920450200E66DD3 /* UIKit.framework in Frameworks */,
				6B8228DB1920450200E66DD3 /* Foundation.framework in Frameworks */,
			);
			runOnlyForDeploymentPostprocessing = 0;
		};
/* End PBXFrameworksBuildPhase section */

/* Begin PBXGroup section */
		6B8228A41920450200E66DD3 = {
			isa = PBXGroup;
			children = (
				6B8228B81920450200E66DD3 /* MazeTest */,
				6B8228DF1920450200E66DD3 /* MazeTestTests */,
				6B8228AF1920450200E66DD3 /* Frameworks */,
				6B8228AE1920450200E66DD3 /* Products */,
			);
			sourceTree = "<group>";
		};
		6B8228AE1920450200E66DD3 /* Products */ = {
			isa = PBXGroup;
			children = (
				6B8228AD1920450200E66DD3 /* MazeTest.app */,
				6B8228D81920450200E66DD3 /* MazeTestTests.xctest */,
			);
			name = Products;
			sourceTree = "<group>";
		};
		6B8228AF1920450200E66DD3 /* Frameworks */ = {
			isa = PBXGroup;
			children = (
				6B8228B01920450200E66DD3 /* Foundation.framework */,
				6B8228B21920450200E66DD3 /* CoreGraphics.framework */,
				6B8228B41920450200E66DD3 /* UIKit.framework */,
				6B8228B61920450200E66DD3 /* SpriteKit.framework */,
				6B8228D91920450200E66DD3 /* XCTest.framework */,
			);
			name = Frameworks;
			sourceTree = "<group>";
		};
		6B8228B81920450200E66DD3 /* MazeTest */ = {
			isa = PBXGroup;
			children = (
				6B8228C11920450200E66DD3 /* JCAppDelegate.h */,
				6B8228C21920450200E66DD3 /* JCAppDelegate.m */,
				6B8228C41920450200E66DD3 /* Main_iPhone.storyboard */,
				6B8228C71920450200E66DD3 /* Main_iPad.storyboard */,
				6B8228CA1920450200E66DD3 /* JCViewController.h */,
				6B8228CB1920450200E66DD3 /* JCViewController.m */,
				6B8228CD1920450200E66DD3 /* JCMyScene.h */,
				6B8228CE1920450200E66DD3 /* JCMyScene.m */,
				6B8228D01920450200E66DD3 /* Spaceship.png */,
				6B8228D21920450200E66DD3 /* Images.xcassets */,
				6B8228B91920450200E66DD3 /* Supporting Files */,
				6B8228EF1920458000E66DD3 /* JCCell.h */,
				6B8228F01920458000E66DD3 /* JCCell.m */,
				6B4D254A1921D3BA0042AB2C /* JCPoint.h */,
				6B4D254B1921D3BA0042AB2C /* JCPoint.m */,
				6B6E6795192321EB00505580 /* JCMaze.h */,
				6B6E6796192321EB00505580 /* JCMaze.m */,
				6B3324061923292200768011 /* JCJoystick.h */,
				6B3324071923292200768011 /* JCJoystick.m */,
				6B3324081923292200768011 /* JCImageJoystick.h */,
				6B3324091923292200768011 /* JCImageJoystick.m */,
			);
			path = MazeTest;
			sourceTree = "<group>";
		};
		6B8228B91920450200E66DD3 /* Supporting Files */ = {
			isa = PBXGroup;
			children = (
				6B8228BA1920450200E66DD3 /* MazeTest-Info.plist */,
				6B8228BB1920450200E66DD3 /* InfoPlist.strings */,
				6B8228BE1920450200E66DD3 /* main.m */,
				6B8228C01920450200E66DD3 /* MazeTest-Prefix.pch */,
			);
			name = "Supporting Files";
			sourceTree = "<group>";
		};
		6B8228DF1920450200E66DD3 /* MazeTestTests */ = {
			isa = PBXGroup;
			children = (
				6B8228E51920450300E66DD3 /* MazeTestTests.m */,
				6B8228E01920450200E66DD3 /* Supporting Files */,
			);
			path = MazeTestTests;
			sourceTree = "<group>";
		};
		6B8228E01920450200E66DD3 /* Supporting Files */ = {
			isa = PBXGroup;
			children = (
				6B8228E11920450200E66DD3 /* MazeTestTests-Info.plist */,
				6B8228E21920450200E66DD3 /* InfoPlist.strings */,
			);
			name = "Supporting Files";
			sourceTree = "<group>";
		};
/* End PBXGroup section */

/* Begin PBXNativeTarget section */
		6B8228AC1920450200E66DD3 /* MazeTest */ = {
			isa = PBXNativeTarget;
			buildConfigurationList = 6B8228E91920450300E66DD3 /* Build configuration list for PBXNativeTarget "MazeTest" */;
			buildPhases = (
				6B8228A91920450200E66DD3 /* Sources */,
				6B8228AA1920450200E66DD3 /* Frameworks */,
				6B8228AB1920450200E66DD3 /* Resources */,
			);
			buildRules = (
			);
			dependencies = (
			);
			name = MazeTest;
			productName = MazeTest;
			productReference = 6B8228AD1920450200E66DD3 /* MazeTest.app */;
			productType = "com.apple.product-type.application";
		};
		6B8228D71920450200E66DD3 /* MazeTestTests */ = {
			isa = PBXNativeTarget;
			buildConfigurationList = 6B8228EC1920450300E66DD3 /* Build configuration list for PBXNativeTarget "MazeTestTests" */;
			buildPhases = (
				6B8228D41920450200E66DD3 /* Sources */,
				6B8228D51920450200E66DD3 /* Frameworks */,
				6B8228D61920450200E66DD3 /* Resources */,
			);
			buildRules = (
			);
			dependencies = (
				6B8228DE1920450200E66DD3 /* PBXTargetDependency */,
			);
			name = MazeTestTests;
			productName = MazeTestTests;
			productReference = 6B8228D81920450200E66DD3 /* MazeTestTests.xctest */;
			productType = "com.apple.product-type.bundle.unit-test";
		};
/* End PBXNativeTarget section */

/* Begin PBXProject section */
		6B8228A51920450200E66DD3 /* Project object */ = {
			isa = PBXProject;
			attributes = {
				CLASSPREFIX = JC;
				LastUpgradeCheck = 0510;
				ORGANIZATIONNAME = "Juan Carlos Sedano Salas";
				TargetAttributes = {
					6B8228D71920450200E66DD3 = {
						TestTargetID = 6B8228AC1920450200E66DD3;
					};
				};
			};
			buildConfigurationList = 6B8228A81920450200E66DD3 /* Build configuration list for PBXProject "MazeTest" */;
			compatibilityVersion = "Xcode 3.2";
			developmentRegion = English;
			hasScannedForEncodings = 0;
			knownRegions = (
				en,
				Base,
			);
			mainGroup = 6B8228A41920450200E66DD3;
			productRefGroup = 6B8228AE1920450200E66DD3 /* Products */;
			projectDirPath = "";
			projectRoot = "";
			targets = (
				6B8228AC1920450200E66DD3 /* MazeTest */,
				6B8228D71920450200E66DD3 /* MazeTestTests */,
			);
		};
/* End PBXProject section */

/* Begin PBXResourcesBuildPhase section */
		6B8228AB1920450200E66DD3 /* Resources */ = {
			isa = PBXResourcesBuildPhase;
			buildActionMask = 2147483647;
			files = (
				6B8228D11920450200E66DD3 /* Spaceship.png in Resources */,
				6B8228D31920450200E66DD3 /* Images.xcassets in Resources */,
				6B8228C91920450200E66DD3 /* Main_iPad.storyboard in Resources */,
				6B8228C61920450200E66DD3 /* Main_iPhone.storyboard in Resources */,
				6B8228BD1920450200E66DD3 /* InfoPlist.strings in Resources */,
			);
			runOnlyForDeploymentPostprocessing = 0;
		};
		6B8228D61920450200E66DD3 /* Resources */ = {
			isa = PBXResourcesBuildPhase;
			buildActionMask = 2147483647;
			files = (
				6B8228E41920450200E66DD3 /* InfoPlist.strings in Resources */,
			);
			runOnlyForDeploymentPostprocessing = 0;
		};
/* End PBXResourcesBuildPhase section */

/* Begin PBXSourcesBuildPhase section */
		6B8228A91920450200E66DD3 /* Sources */ = {
			isa = PBXSourcesBuildPhase;
			buildActionMask = 2147483647;
			files = (
				6B33240B1923292200768011 /* JCImageJoystick.m in Sources */,
				6B8228BF1920450200E66DD3 /* main.m in Sources */,
				6B8228CC1920450200E66DD3 /* JCViewController.m in Sources */,
				6B8228C31920450200E66DD3 /* JCAppDelegate.m in Sources */,
				6B6E6797192321EB00505580 /* JCMaze.m in Sources */,
				6B33240A1923292200768011 /* JCJoystick.m in Sources */,
				6B8228F11920458000E66DD3 /* JCCell.m in Sources */,
				6B8228CF1920450200E66DD3 /* JCMyScene.m in Sources */,
				6B4D254C1921D3BA0042AB2C /* JCPoint.m in Sources */,
			);
			runOnlyForDeploymentPostprocessing = 0;
		};
		6B8228D41920450200E66DD3 /* Sources */ = {
			isa = PBXSourcesBuildPhase;
			buildActionMask = 2147483647;
			files = (
				6B8228E61920450300E66DD3 /* MazeTestTests.m in Sources */,
			);
			runOnlyForDeploymentPostprocessing = 0;
		};
/* End PBXSourcesBuildPhase section */

/* Begin PBXTargetDependency section */
		6B8228DE1920450200E66DD3 /* PBXTargetDependency */ = {
			isa = PBXTargetDependency;
			target = 6B8228AC1920450200E66DD3 /* MazeTest */;
			targetProxy = 6B8228DD1920450200E66DD3 /* PBXContainerItemProxy */;
		};
/* End PBXTargetDependency section */

/* Begin PBXVariantGroup section */
		6B8228BB1920450200E66DD3 /* InfoPlist.strings */ = {
			isa = PBXVariantGroup;
			children = (
				6B8228BC1920450200E66DD3 /* en */,
			);
			name = InfoPlist.strings;
			sourceTree = "<group>";
		};
		6B8228C41920450200E66DD3 /* Main_iPhone.storyboard */ = {
			isa = PBXVariantGroup;
			children = (
				6B8228C51920450200E66DD3 /* Base */,
			);
			name = Main_iPhone.storyboard;
			sourceTree = "<group>";
		};
		6B8228C71920450200E66DD3 /* Main_iPad.storyboard */ = {
			isa = PBXVariantGroup;
			children = (
				6B8228C81920450200E66DD3 /* Base */,
			);
			name = Main_iPad.storyboard;
			sourceTree = "<group>";
		};
		6B8228E21920450200E66DD3 /* InfoPlist.strings */ = {
			isa = PBXVariantGroup;
			children = (
				6B8228E31920450200E66DD3 /* en */,
			);
			name = InfoPlist.strings;
			sourceTree = "<group>";
		};
/* End PBXVariantGroup section */

/* Begin XCBuildConfiguration section */
		6B8228E71920450300E66DD3 /* Debug */ = {
			isa = XCBuildConfiguration;
			buildSettings = {
				ALWAYS_SEARCH_USER_PATHS = NO;
				CLANG_CXX_LANGUAGE_STANDARD = "gnu++0x";
				CLANG_CXX_LIBRARY = "libc++";
				CLANG_ENABLE_MODULES = YES;
				CLANG_ENABLE_OBJC_ARC = YES;
				CLANG_WARN_BOOL_CONVERSION = YES;
				CLANG_WARN_CONSTANT_CONVERSION = YES;
				CLANG_WARN_DIRECT_OBJC_ISA_USAGE = YES_ERROR;
				CLANG_WARN_EMPTY_BODY = YES;
				CLANG_WARN_ENUM_CONVERSION = YES;
				CLANG_WARN_INT_CONVERSION = YES;
				CLANG_WARN_OBJC_ROOT_CLASS = YES_ERROR;
				CLANG_WARN__DUPLICATE_METHOD_MATCH = YES;
				"CODE_SIGN_IDENTITY[sdk=iphoneos*]" = "iPhone Developer";
				COPY_PHASE_STRIP = NO;
				GCC_C_LANGUAGE_STANDARD = gnu99;
				GCC_DYNAMIC_NO_PIC = NO;
				GCC_OPTIMIZATION_LEVEL = 0;
				GCC_PREPROCESSOR_DEFINITIONS = (
					"DEBUG=1",
					"$(inherited)",
				);
				GCC_SYMBOLS_PRIVATE_EXTERN = NO;
				GCC_WARN_64_TO_32_BIT_CONVERSION = YES;
				GCC_WARN_ABOUT_RETURN_TYPE = YES_ERROR;
				GCC_WARN_UNDECLARED_SELECTOR = YES;
				GCC_WARN_UNINITIALIZED_AUTOS = YES_AGGRESSIVE;
				GCC_WARN_UNUSED_FUNCTION = YES;
				GCC_WARN_UNUSED_VARIABLE = YES;
				IPHONEOS_DEPLOYMENT_TARGET = 7.1;
				ONLY_ACTIVE_ARCH = YES;
				SDKROOT = iphoneos;
				TARGETED_DEVICE_FAMILY = "1,2";
			};
			name = Debug;
		};
		6B8228E81920450300E66DD3 /* Release */ = {
			isa = XCBuildConfiguration;
			buildSettings = {
				ALWAYS_SEARCH_USER_PATHS = NO;
				CLANG_CXX_LANGUAGE_STANDARD = "gnu++0x";
				CLANG_CXX_LIBRARY = "libc++";
				CLANG_ENABLE_MODULES = YES;
				CLANG_ENABLE_OBJC_ARC = YES;
				CLANG_WARN_BOOL_CONVERSION = YES;
				CLANG_WARN_CONSTANT_CONVERSION = YES;
				CLANG_WARN_DIRECT_OBJC_ISA_USAGE = YES_ERROR;
				CLANG_WARN_EMPTY_BODY = YES;
				CLANG_WARN_ENUM_CONVERSION = YES;
				CLANG_WARN_INT_CONVERSION = YES;
				CLANG_WARN_OBJC_ROOT_CLASS = YES_ERROR;
				CLANG_WARN__DUPLICATE_METHOD_MATCH = YES;
				"CODE_SIGN_IDENTITY[sdk=iphoneos*]" = "iPhone Developer";
				COPY_PHASE_STRIP = YES;
				ENABLE_NS_ASSERTIONS = NO;
				GCC_C_LANGUAGE_STANDARD = gnu99;
				GCC_WARN_64_TO_32_BIT_CONVERSION = YES;
				GCC_WARN_ABOUT_RETURN_TYPE = YES_ERROR;
				GCC_WARN_UNDECLARED_SELECTOR = YES;
				GCC_WARN_UNINITIALIZED_AUTOS = YES_AGGRESSIVE;
				GCC_WARN_UNUSED_FUNCTION = YES;
				GCC_WARN_UNUSED_VARIABLE = YES;
				IPHONEOS_DEPLOYMENT_TARGET = 7.1;
				SDKROOT = iphoneos;
				TARGETED_DEVICE_FAMILY = "1,2";
				VALIDATE_PRODUCT = YES;
			};
			name = Release;
		};
		6B8228EA1920450300E66DD3 /* Debug */ = {
			isa = XCBuildConfiguration;
			buildSettings = {
				ASSETCATALOG_COMPILER_APPICON_NAME = AppIcon;
				ASSETCATALOG_COMPILER_LAUNCHIMAGE_NAME = LaunchImage;
				GCC_PRECOMPILE_PREFIX_HEADER = YES;
				GCC_PREFIX_HEADER = "MazeTest/MazeTest-Prefix.pch";
				INFOPLIST_FILE = "MazeTest/MazeTest-Info.plist";
				PRODUCT_NAME = "$(TARGET_NAME)";
				SPRITEKIT_TEXTURE_ATLAS_OUTPUT = YES;
				WRAPPER_EXTENSION = app;
			};
			name = Debug;
		};
		6B8228EB1920450300E66DD3 /* Release */ = {
			isa = XCBuildConfiguration;
			buildSettings = {
				ASSETCATALOG_COMPILER_APPICON_NAME = AppIcon;
				ASSETCATALOG_COMPILER_LAUNCHIMAGE_NAME = LaunchImage;
				GCC_PRECOMPILE_PREFIX_HEADER = YES;
				GCC_PREFIX_HEADER = "MazeTest/MazeTest-Prefix.pch";
				INFOPLIST_FILE = "MazeTest/MazeTest-Info.plist";
				PRODUCT_NAME = "$(TARGET_NAME)";
				SPRITEKIT_TEXTURE_ATLAS_OUTPUT = YES;
				WRAPPER_EXTENSION = app;
			};
			name = Release;
		};
		6B8228ED1920450300E66DD3 /* Debug */ = {
			isa = XCBuildConfiguration;
			buildSettings = {
				BUNDLE_LOADER = "$(BUILT_PRODUCTS_DIR)/MazeTest.app/MazeTest";
				FRAMEWORK_SEARCH_PATHS = (
					"$(SDKROOT)/Developer/Library/Frameworks",
					"$(inherited)",
					"$(DEVELOPER_FRAMEWORKS_DIR)",
				);
				GCC_PRECOMPILE_PREFIX_HEADER = YES;
				GCC_PREFIX_HEADER = "MazeTest/MazeTest-Prefix.pch";
				GCC_PREPROCESSOR_DEFINITIONS = (
					"DEBUG=1",
					"$(inherited)",
				);
				INFOPLIST_FILE = "MazeTestTests/MazeTestTests-Info.plist";
				PRODUCT_NAME = "$(TARGET_NAME)";
				TEST_HOST = "$(BUNDLE_LOADER)";
				WRAPPER_EXTENSION = xctest;
			};
			name = Debug;
		};
		6B8228EE1920450300E66DD3 /* Release */ = {
			isa = XCBuildConfiguration;
			buildSettings = {
				BUNDLE_LOADER = "$(BUILT_PRODUCTS_DIR)/MazeTest.app/MazeTest";
				FRAMEWORK_SEARCH_PATHS = (
					"$(SDKROOT)/Developer/Library/Frameworks",
					"$(inherited)",
					"$(DEVELOPER_FRAMEWORKS_DIR)",
				);
				GCC_PRECOMPILE_PREFIX_HEADER = YES;
				GCC_PREFIX_HEADER = "MazeTest/MazeTest-Prefix.pch";
				INFOPLIST_FILE = "MazeTestTests/MazeTestTests-Info.plist";
				PRODUCT_NAME = "$(TARGET_NAME)";
				TEST_HOST = "$(BUNDLE_LOADER)";
				WRAPPER_EXTENSION = xctest;
			};
			name = Release;
		};
/* End XCBuildConfiguration section */

/* Begin XCConfigurationList section */
		6B8228A81920450200E66DD3 /* Build configuration list for PBXProject "MazeTest" */ = {
			isa = XCConfigurationList;
			buildConfigurations = (
				6B8228E71920450300E66DD3 /* Debug */,
				6B8228E81920450300E66DD3 /* Release */,
			);
			defaultConfigurationIsVisible = 0;
			defaultConfigurationName = Release;
		};
		6B8228E91920450300E66DD3 /* Build configuration list for PBXNativeTarget "MazeTest" */ = {
			isa = XCConfigurationList;
			buildConfigurations = (
				6B8228EA1920450300E66DD3 /* Debug */,
				6B8228EB1920450300E66DD3 /* Release */,
			);
			defaultConfigurationIsVisible = 0;
			defaultConfigurationName = Release;
		};
		6B8228EC1920450300E66DD3 /* Build configuration list for PBXNativeTarget "MazeTestTests" */ = {
			isa = XCConfigurationList;
			buildConfigurations = (
				6B8228ED1920450300E66DD3 /* Debug */,
				6B8228EE1920450300E66DD3 /* Release */,
			);
			defaultConfigurationIsVisible = 0;
			defaultConfigurationName = Release;
		};
/* End XCConfigurationList section */
	};
	rootObject = 6B8228A51920450200E66DD3 /* Project object */;
}
